
Microsoft Visual Studio Solution File, Format Version 12.00
# Visual Studio 15
VisualStudioVersion = 15.0.28307.1267
MinimumVisualStudioVersion = 10.0.40219.1
Project("{FAE04EC0-301F-11D3-BF4B-00C04F79EFBC}") = "DocumentViewer", "DocumentViewer\DocumentViewer.csproj", "{23D604F1-CFB2-425E-9C6A-DCD3E786997E}"
EndProject
Global
	GlobalSection(SolutionConfigurationPlatforms) = preSolution
		Debug|Any CPU = Debug|Any CPU
		Release|Any CPU = Release|Any CPU
	EndGlobalSection
	GlobalSection(ProjectConfigurationPlatforms) = postSolution
		{23D604F1-CFB2-425E-9C6A-DCD3E786997E}.Debug|Any CPU.ActiveCfg = Debug|Any CPU
		{23D604F1-CFB2-425E-9C6A-DCD3E786997E}.Debug|Any CPU.Build.0 = Debug|Any CPU
		{23D604F1-CFB2-425E-9C6A-DCD3E786997E}.Release|Any CPU.ActiveCfg = Release|Any CPU
		{23D604F1-CFB2-425E-9C6A-DCD3E786997E}.Release|Any CPU.Build.0 = Release|Any CPU
	EndGlobalSection
	GlobalSection(SolutionProperties) = preSolution
		HideSolutionNode = FALSE
	EndGlobalSection
	GlobalSection(ExtensibilityGlobals) = postSolution
		SolutionGuid = {83F9392E-F996-43AE-86A1-BEBEC32A0371}
	EndGlobalSection
EndGlobal
